
Microsoft Visual Studio Solution File, Format Version 12.00
# Visual Studio Version 17
VisualStudioVersion = 17.6.33815.320
MinimumVisualStudioVersion = 10.0.40219.1
Project("{FAE04EC0-301F-11D3-BF4B-00C04F79EFBC}") = "C#Project2", "C#Project2.csproj", "{4FE34834-38E7-4BB0-9FA1-BED2DD2C0DC1}"
EndProject
Global
	GlobalSection(SolutionConfigurationPlatforms) = preSolution
		Debug|Any CPU = Debug|Any CPU
		Release|Any CPU = Release|Any CPU
	EndGlobalSection
	GlobalSection(ProjectConfigurationPlatforms) = postSolution
		{4FE34834-38E7-4BB0-9FA1-BED2DD2C0DC1}.Debug|Any CPU.ActiveCfg = Debug|Any CPU
		{4FE34834-38E7-4BB0-9FA1-BED2DD2C0DC1}.Debug|Any CPU.Build.0 = Debug|Any CPU
		{4FE34834-38E7-4BB0-9FA1-BED2DD2C0DC1}.Release|Any CPU.ActiveCfg = Release|Any CPU
		{4FE34834-38E7-4BB0-9FA1-BED2DD2C0DC1}.Release|Any CPU.Build.0 = Release|Any CPU
	EndGlobalSection
	GlobalSection(SolutionProperties) = preSolution
		HideSolutionNode = FALSE
	EndGlobalSection
	GlobalSection(ExtensibilityGlobals) = postSolution
		SolutionGuid = {7ADA6A53-B04E-4ABE-ABDA-9E28F014AAC6}
	EndGlobalSection
EndGlobal
